// !$*UTF8*$!
{
	archiveVersion = 1;
	classes = {
	};
	objectVersion = 50;
	objects = {

/* Begin PBXBuildFile section */
		8B3EEB4424D9D52A00E4915F /* DAO.swift in Sources */ = {isa = PBXBuildFile; fileRef = 8B3EEB4324D9D52A00E4915F /* DAO.swift */; };
		8B6CA6DE24F04B04002F1523 /* MultilineTextField.swift in Sources */ = {isa = PBXBuildFile; fileRef = 8B6CA6DD24F04B04002F1523 /* MultilineTextField.swift */; };
		8BF22EDC24DB0DD500A50A2E /* TimelineScrollView.swift in Sources */ = {isa = PBXBuildFile; fileRef = 8BF22EDB24DB0DD500A50A2E /* TimelineScrollView.swift */; };
		8D00D0F124DCAD780078B6D8 /* ContentView.swift in Sources */ = {isa = PBXBuildFile; fileRef = 8D00D0F024DCAD780078B6D8 /* ContentView.swift */; };
		8D12919424EF01B300053617 /* BoardAddPage.swift in Sources */ = {isa = PBXBuildFile; fileRef = 8D12919324EF01B300053617 /* BoardAddPage.swift */; };
		8D2C2E0F24EAFA300096016D /* CardView.swift in Sources */ = {isa = PBXBuildFile; fileRef = 8D2C2E0E24EAFA300096016D /* CardView.swift */; };
		8D2C2E1124EB0ADF0096016D /* ViewTop.swift in Sources */ = {isa = PBXBuildFile; fileRef = 8D2C2E1024EB0ADF0096016D /* ViewTop.swift */; };
		8D4F57CF24CF642000528185 /* Extensions.swift in Sources */ = {isa = PBXBuildFile; fileRef = 8D4F57CE24CF642000528185 /* Extensions.swift */; };
		8D57E92C24D4AC9800382732 /* Protocols.swift in Sources */ = {isa = PBXBuildFile; fileRef = 8D57E92B24D4AC9800382732 /* Protocols.swift */; };
		8D57E92E24D4B04A00382732 /* Profile.swift in Sources */ = {isa = PBXBuildFile; fileRef = 8D57E92D24D4B04A00382732 /* Profile.swift */; };
		8D57E93024D4B07E00382732 /* Activity.swift in Sources */ = {isa = PBXBuildFile; fileRef = 8D57E92F24D4B07E00382732 /* Activity.swift */; };
		8D57E93424D4B0AF00382732 /* Task.swift in Sources */ = {isa = PBXBuildFile; fileRef = 8D57E93324D4B0AF00382732 /* Task.swift */; };
		8D57E93624D4B0D800382732 /* Notice.swift in Sources */ = {isa = PBXBuildFile; fileRef = 8D57E93524D4B0D800382732 /* Notice.swift */; };
		8D57E93824D4B0F200382732 /* File.swift in Sources */ = {isa = PBXBuildFile; fileRef = 8D57E93724D4B0F200382732 /* File.swift */; };
		8D57E93C24D4B5E900382732 /* Event.swift in Sources */ = {isa = PBXBuildFile; fileRef = 8D57E93B24D4B5E900382732 /* Event.swift */; };
		8D716B6124D8A82000028DE5 /* BoardView.swift in Sources */ = {isa = PBXBuildFile; fileRef = 8D716B6024D8A82000028DE5 /* BoardView.swift */; };
		8D716B6724D8A87E00028DE5 /* ChatView.swift in Sources */ = {isa = PBXBuildFile; fileRef = 8D716B6624D8A87E00028DE5 /* ChatView.swift */; };
		8DB010E924ED9C5900867FFE /* BoardAddButton.swift in Sources */ = {isa = PBXBuildFile; fileRef = 8DB010E824ED9C5900867FFE /* BoardAddButton.swift */; };
		8DB010EB24EDA9CD00867FFE /* TimelineAddButton.swift in Sources */ = {isa = PBXBuildFile; fileRef = 8DB010EA24EDA9CD00867FFE /* TimelineAddButton.swift */; };
		8DD3087424D9F3FA00E8F073 /* ProfileView.swift in Sources */ = {isa = PBXBuildFile; fileRef = 8DD3087124D9F3FA00E8F073 /* ProfileView.swift */; };
		8DD3087624D9F45700E8F073 /* CodableExtensions.swift in Sources */ = {isa = PBXBuildFile; fileRef = 8DD3087524D9F45700E8F073 /* CodableExtensions.swift */; };
		8DD3087924D9F5EA00E8F073 /* HomeView.swift in Sources */ = {isa = PBXBuildFile; fileRef = 8DD3087724D9F5EA00E8F073 /* HomeView.swift */; };
		8DEACCF224D89B61002BC35F /* GroupModel.swift in Sources */ = {isa = PBXBuildFile; fileRef = 8DEACCF124D89B61002BC35F /* GroupModel.swift */; };
		8DEACCF624D89EBD002BC35F /* Board.swift in Sources */ = {isa = PBXBuildFile; fileRef = 8DEACCF524D89EBD002BC35F /* Board.swift */; };
		BA7A543D24CB4F470099792B /* AppDelegate.swift in Sources */ = {isa = PBXBuildFile; fileRef = BA7A543C24CB4F470099792B /* AppDelegate.swift */; };
		BA7A543F24CB4F470099792B /* SceneDelegate.swift in Sources */ = {isa = PBXBuildFile; fileRef = BA7A543E24CB4F470099792B /* SceneDelegate.swift */; };
		BA7A544324CB4F4B0099792B /* Assets.xcassets in Resources */ = {isa = PBXBuildFile; fileRef = BA7A544224CB4F4B0099792B /* Assets.xcassets */; };
		BA7A544624CB4F4B0099792B /* Preview Assets.xcassets in Resources */ = {isa = PBXBuildFile; fileRef = BA7A544524CB4F4B0099792B /* Preview Assets.xcassets */; };
		BA7A544924CB4F4B0099792B /* LaunchScreen.storyboard in Resources */ = {isa = PBXBuildFile; fileRef = BA7A544724CB4F4B0099792B /* LaunchScreen.storyboard */; };
		BA7A545424CB4F4B0099792B /* DesmorgueTests.swift in Sources */ = {isa = PBXBuildFile; fileRef = BA7A545324CB4F4B0099792B /* DesmorgueTests.swift */; };
		BA7A545F24CB4F4B0099792B /* DesmorgueUITests.swift in Sources */ = {isa = PBXBuildFile; fileRef = BA7A545E24CB4F4B0099792B /* DesmorgueUITests.swift */; };
/* End PBXBuildFile section */

/* Begin PBXContainerItemProxy section */
		BA7A545024CB4F4B0099792B /* PBXContainerItemProxy */ = {
			isa = PBXContainerItemProxy;
			containerPortal = BA7A543124CB4F470099792B /* Project object */;
			proxyType = 1;
			remoteGlobalIDString = BA7A543824CB4F470099792B;
			remoteInfo = Desmorgue;
		};
		BA7A545B24CB4F4B0099792B /* PBXContainerItemProxy */ = {
			isa = PBXContainerItemProxy;
			containerPortal = BA7A543124CB4F470099792B /* Project object */;
			proxyType = 1;
			remoteGlobalIDString = BA7A543824CB4F470099792B;
			remoteInfo = Desmorgue;
		};
/* End PBXContainerItemProxy section */

/* Begin PBXFileReference section */
		8B3EEB4324D9D52A00E4915F /* DAO.swift */ = {isa = PBXFileReference; lastKnownFileType = sourcecode.swift; path = DAO.swift; sourceTree = "<group>"; };
		8B6CA6DD24F04B04002F1523 /* MultilineTextField.swift */ = {isa = PBXFileReference; lastKnownFileType = sourcecode.swift; path = MultilineTextField.swift; sourceTree = "<group>"; };
		8BF22EDB24DB0DD500A50A2E /* TimelineScrollView.swift */ = {isa = PBXFileReference; lastKnownFileType = sourcecode.swift; path = TimelineScrollView.swift; sourceTree = "<group>"; };
		8D00D0F024DCAD780078B6D8 /* ContentView.swift */ = {isa = PBXFileReference; fileEncoding = 4; lastKnownFileType = sourcecode.swift; path = ContentView.swift; sourceTree = "<group>"; };
		8D12919324EF01B300053617 /* BoardAddPage.swift */ = {isa = PBXFileReference; lastKnownFileType = sourcecode.swift; path = BoardAddPage.swift; sourceTree = "<group>"; };
		8D2C2E0E24EAFA300096016D /* CardView.swift */ = {isa = PBXFileReference; lastKnownFileType = sourcecode.swift; path = CardView.swift; sourceTree = "<group>"; };
		8D2C2E1024EB0ADF0096016D /* ViewTop.swift */ = {isa = PBXFileReference; lastKnownFileType = sourcecode.swift; path = ViewTop.swift; sourceTree = "<group>"; };
		8D4F57CE24CF642000528185 /* Extensions.swift */ = {isa = PBXFileReference; lastKnownFileType = sourcecode.swift; path = Extensions.swift; sourceTree = "<group>"; };
		8D57E92B24D4AC9800382732 /* Protocols.swift */ = {isa = PBXFileReference; lastKnownFileType = sourcecode.swift; path = Protocols.swift; sourceTree = "<group>"; };
		8D57E92D24D4B04A00382732 /* Profile.swift */ = {isa = PBXFileReference; lastKnownFileType = sourcecode.swift; path = Profile.swift; sourceTree = "<group>"; };
		8D57E92F24D4B07E00382732 /* Activity.swift */ = {isa = PBXFileReference; lastKnownFileType = sourcecode.swift; path = Activity.swift; sourceTree = "<group>"; };
		8D57E93324D4B0AF00382732 /* Task.swift */ = {isa = PBXFileReference; lastKnownFileType = sourcecode.swift; path = Task.swift; sourceTree = "<group>"; };
		8D57E93524D4B0D800382732 /* Notice.swift */ = {isa = PBXFileReference; lastKnownFileType = sourcecode.swift; path = Notice.swift; sourceTree = "<group>"; };
		8D57E93724D4B0F200382732 /* File.swift */ = {isa = PBXFileReference; lastKnownFileType = sourcecode.swift; path = File.swift; sourceTree = "<group>"; };
		8D57E93B24D4B5E900382732 /* Event.swift */ = {isa = PBXFileReference; lastKnownFileType = sourcecode.swift; path = Event.swift; sourceTree = "<group>"; };
		8D716B6024D8A82000028DE5 /* BoardView.swift */ = {isa = PBXFileReference; lastKnownFileType = sourcecode.swift; path = BoardView.swift; sourceTree = "<group>"; };
		8D716B6624D8A87E00028DE5 /* ChatView.swift */ = {isa = PBXFileReference; lastKnownFileType = sourcecode.swift; path = ChatView.swift; sourceTree = "<group>"; };
		8DB010E824ED9C5900867FFE /* BoardAddButton.swift */ = {isa = PBXFileReference; lastKnownFileType = sourcecode.swift; path = BoardAddButton.swift; sourceTree = "<group>"; };
		8DB010EA24EDA9CD00867FFE /* TimelineAddButton.swift */ = {isa = PBXFileReference; lastKnownFileType = sourcecode.swift; path = TimelineAddButton.swift; sourceTree = "<group>"; };
		8DD3087124D9F3FA00E8F073 /* ProfileView.swift */ = {isa = PBXFileReference; fileEncoding = 4; lastKnownFileType = sourcecode.swift; path = ProfileView.swift; sourceTree = "<group>"; };
		8DD3087524D9F45700E8F073 /* CodableExtensions.swift */ = {isa = PBXFileReference; fileEncoding = 4; lastKnownFileType = sourcecode.swift; path = CodableExtensions.swift; sourceTree = "<group>"; };
		8DD3087724D9F5EA00E8F073 /* HomeView.swift */ = {isa = PBXFileReference; fileEncoding = 4; lastKnownFileType = sourcecode.swift; path = HomeView.swift; sourceTree = "<group>"; };
		8DEACCF124D89B61002BC35F /* GroupModel.swift */ = {isa = PBXFileReference; lastKnownFileType = sourcecode.swift; path = GroupModel.swift; sourceTree = "<group>"; };
		8DEACCF524D89EBD002BC35F /* Board.swift */ = {isa = PBXFileReference; lastKnownFileType = sourcecode.swift; path = Board.swift; sourceTree = "<group>"; };
		BA7A543924CB4F470099792B /* Desmorgue.app */ = {isa = PBXFileReference; explicitFileType = wrapper.application; includeInIndex = 0; path = Desmorgue.app; sourceTree = BUILT_PRODUCTS_DIR; };
		BA7A543C24CB4F470099792B /* AppDelegate.swift */ = {isa = PBXFileReference; lastKnownFileType = sourcecode.swift; path = AppDelegate.swift; sourceTree = "<group>"; };
		BA7A543E24CB4F470099792B /* SceneDelegate.swift */ = {isa = PBXFileReference; lastKnownFileType = sourcecode.swift; path = SceneDelegate.swift; sourceTree = "<group>"; };
		BA7A544224CB4F4B0099792B /* Assets.xcassets */ = {isa = PBXFileReference; lastKnownFileType = folder.assetcatalog; path = Assets.xcassets; sourceTree = "<group>"; };
		BA7A544524CB4F4B0099792B /* Preview Assets.xcassets */ = {isa = PBXFileReference; lastKnownFileType = folder.assetcatalog; path = "Preview Assets.xcassets"; sourceTree = "<group>"; };
		BA7A544824CB4F4B0099792B /* Base */ = {isa = PBXFileReference; lastKnownFileType = file.storyboard; name = Base; path = Base.lproj/LaunchScreen.storyboard; sourceTree = "<group>"; };
		BA7A544A24CB4F4B0099792B /* Info.plist */ = {isa = PBXFileReference; lastKnownFileType = text.plist.xml; path = Info.plist; sourceTree = "<group>"; };
		BA7A544F24CB4F4B0099792B /* DesmorgueTests.xctest */ = {isa = PBXFileReference; explicitFileType = wrapper.cfbundle; includeInIndex = 0; path = DesmorgueTests.xctest; sourceTree = BUILT_PRODUCTS_DIR; };
		BA7A545324CB4F4B0099792B /* DesmorgueTests.swift */ = {isa = PBXFileReference; lastKnownFileType = sourcecode.swift; path = DesmorgueTests.swift; sourceTree = "<group>"; };
		BA7A545524CB4F4B0099792B /* Info.plist */ = {isa = PBXFileReference; lastKnownFileType = text.plist.xml; path = Info.plist; sourceTree = "<group>"; };
		BA7A545A24CB4F4B0099792B /* DesmorgueUITests.xctest */ = {isa = PBXFileReference; explicitFileType = wrapper.cfbundle; includeInIndex = 0; path = DesmorgueUITests.xctest; sourceTree = BUILT_PRODUCTS_DIR; };
		BA7A545E24CB4F4B0099792B /* DesmorgueUITests.swift */ = {isa = PBXFileReference; lastKnownFileType = sourcecode.swift; path = DesmorgueUITests.swift; sourceTree = "<group>"; };
		BA7A546024CB4F4B0099792B /* Info.plist */ = {isa = PBXFileReference; lastKnownFileType = text.plist.xml; path = Info.plist; sourceTree = "<group>"; };
/* End PBXFileReference section */

/* Begin PBXFrameworksBuildPhase section */
		BA7A543624CB4F470099792B /* Frameworks */ = {
			isa = PBXFrameworksBuildPhase;
			buildActionMask = 2147483647;
			files = (
			);
			runOnlyForDeploymentPostprocessing = 0;
		};
		BA7A544C24CB4F4B0099792B /* Frameworks */ = {
			isa = PBXFrameworksBuildPhase;
			buildActionMask = 2147483647;
			files = (
			);
			runOnlyForDeploymentPostprocessing = 0;
		};
		BA7A545724CB4F4B0099792B /* Frameworks */ = {
			isa = PBXFrameworksBuildPhase;
			buildActionMask = 2147483647;
			files = (
			);
			runOnlyForDeploymentPostprocessing = 0;
		};
/* End PBXFrameworksBuildPhase section */

/* Begin PBXGroup section */
		8B97BCA024D1E6BF009A7B8D /* model */ = {
			isa = PBXGroup;
			children = (
				8DD3087524D9F45700E8F073 /* CodableExtensions.swift */,
				8D57E93724D4B0F200382732 /* File.swift */,
				8D57E93324D4B0AF00382732 /* Task.swift */,
				8D57E93524D4B0D800382732 /* Notice.swift */,
				8D57E92F24D4B07E00382732 /* Activity.swift */,
				8D57E93B24D4B5E900382732 /* Event.swift */,
				8D57E92D24D4B04A00382732 /* Profile.swift */,
				8DEACCF524D89EBD002BC35F /* Board.swift */,
				8DEACCF124D89B61002BC35F /* GroupModel.swift */,
				8D57E92B24D4AC9800382732 /* Protocols.swift */,
				8D4F57CE24CF642000528185 /* Extensions.swift */,
				8B3EEB4324D9D52A00E4915F /* DAO.swift */,
			);
			path = model;
			sourceTree = "<group>";
		};
		8B97BCA124D1E6C7009A7B8D /* view */ = {
			isa = PBXGroup;
			children = (
				8D00D0F024DCAD780078B6D8 /* ContentView.swift */,
				8DD3087724D9F5EA00E8F073 /* HomeView.swift */,
				8DD3087124D9F3FA00E8F073 /* ProfileView.swift */,
				8D716B6024D8A82000028DE5 /* BoardView.swift */,
				8DB010E824ED9C5900867FFE /* BoardAddButton.swift */,
				8D12919324EF01B300053617 /* BoardAddPage.swift */,
				8D2C2E0E24EAFA300096016D /* CardView.swift */,
				8D2C2E1024EB0ADF0096016D /* ViewTop.swift */,
				8D716B6624D8A87E00028DE5 /* ChatView.swift */,
				8BF22EDB24DB0DD500A50A2E /* TimelineScrollView.swift */,
				8DB010EA24EDA9CD00867FFE /* TimelineAddButton.swift */,
				8B6CA6DD24F04B04002F1523 /* MultilineTextField.swift */,
			);
			path = view;
			sourceTree = "<group>";
		};
		8B97BCA224D1E6CE009A7B8D /* controller */ = {
			isa = PBXGroup;
			children = (
				BA7A543C24CB4F470099792B /* AppDelegate.swift */,
				BA7A543E24CB4F470099792B /* SceneDelegate.swift */,
			);
			path = controller;
			sourceTree = "<group>";
		};
		BA7A543024CB4F470099792B = {
			isa = PBXGroup;
			children = (
				BA7A543B24CB4F470099792B /* Desmorgue */,
				BA7A545224CB4F4B0099792B /* DesmorgueTests */,
				BA7A545D24CB4F4B0099792B /* DesmorgueUITests */,
				BA7A543A24CB4F470099792B /* Products */,
			);
			sourceTree = "<group>";
		};
		BA7A543A24CB4F470099792B /* Products */ = {
			isa = PBXGroup;
			children = (
				BA7A543924CB4F470099792B /* Desmorgue.app */,
				BA7A544F24CB4F4B0099792B /* DesmorgueTests.xctest */,
				BA7A545A24CB4F4B0099792B /* DesmorgueUITests.xctest */,
			);
			name = Products;
			sourceTree = "<group>";
		};
		BA7A543B24CB4F470099792B /* Desmorgue */ = {
			isa = PBXGroup;
			children = (
				8B97BCA224D1E6CE009A7B8D /* controller */,
				8B97BCA124D1E6C7009A7B8D /* view */,
				8B97BCA024D1E6BF009A7B8D /* model */,
				BA7A544224CB4F4B0099792B /* Assets.xcassets */,
				BA7A544724CB4F4B0099792B /* LaunchScreen.storyboard */,
				BA7A544A24CB4F4B0099792B /* Info.plist */,
				BA7A544424CB4F4B0099792B /* Preview Content */,
			);
			path = Desmorgue;
			sourceTree = "<group>";
		};
		BA7A544424CB4F4B0099792B /* Preview Content */ = {
			isa = PBXGroup;
			children = (
				BA7A544524CB4F4B0099792B /* Preview Assets.xcassets */,
			);
			path = "Preview Content";
			sourceTree = "<group>";
		};
		BA7A545224CB4F4B0099792B /* DesmorgueTests */ = {
			isa = PBXGroup;
			children = (
				BA7A545324CB4F4B0099792B /* DesmorgueTests.swift */,
				BA7A545524CB4F4B0099792B /* Info.plist */,
			);
			path = DesmorgueTests;
			sourceTree = "<group>";
		};
		BA7A545D24CB4F4B0099792B /* DesmorgueUITests */ = {
			isa = PBXGroup;
			children = (
				BA7A545E24CB4F4B0099792B /* DesmorgueUITests.swift */,
				BA7A546024CB4F4B0099792B /* Info.plist */,
			);
			path = DesmorgueUITests;
			sourceTree = "<group>";
		};
/* End PBXGroup section */

/* Begin PBXNativeTarget section */
		BA7A543824CB4F470099792B /* Desmorgue */ = {
			isa = PBXNativeTarget;
			buildConfigurationList = BA7A546324CB4F4B0099792B /* Build configuration list for PBXNativeTarget "Desmorgue" */;
			buildPhases = (
				BA7A543524CB4F470099792B /* Sources */,
				BA7A543624CB4F470099792B /* Frameworks */,
				BA7A543724CB4F470099792B /* Resources */,
			);
			buildRules = (
			);
			dependencies = (
			);
			name = Desmorgue;
			productName = Desmorgue;
			productReference = BA7A543924CB4F470099792B /* Desmorgue.app */;
			productType = "com.apple.product-type.application";
		};
		BA7A544E24CB4F4B0099792B /* DesmorgueTests */ = {
			isa = PBXNativeTarget;
			buildConfigurationList = BA7A546624CB4F4B0099792B /* Build configuration list for PBXNativeTarget "DesmorgueTests" */;
			buildPhases = (
				BA7A544B24CB4F4B0099792B /* Sources */,
				BA7A544C24CB4F4B0099792B /* Frameworks */,
				BA7A544D24CB4F4B0099792B /* Resources */,
			);
			buildRules = (
			);
			dependencies = (
				BA7A545124CB4F4B0099792B /* PBXTargetDependency */,
			);
			name = DesmorgueTests;
			productName = DesmorgueTests;
			productReference = BA7A544F24CB4F4B0099792B /* DesmorgueTests.xctest */;
			productType = "com.apple.product-type.bundle.unit-test";
		};
		BA7A545924CB4F4B0099792B /* DesmorgueUITests */ = {
			isa = PBXNativeTarget;
			buildConfigurationList = BA7A546924CB4F4B0099792B /* Build configuration list for PBXNativeTarget "DesmorgueUITests" */;
			buildPhases = (
				BA7A545624CB4F4B0099792B /* Sources */,
				BA7A545724CB4F4B0099792B /* Frameworks */,
				BA7A545824CB4F4B0099792B /* Resources */,
			);
			buildRules = (
			);
			dependencies = (
				BA7A545C24CB4F4B0099792B /* PBXTargetDependency */,
			);
			name = DesmorgueUITests;
			productName = DesmorgueUITests;
			productReference = BA7A545A24CB4F4B0099792B /* DesmorgueUITests.xctest */;
			productType = "com.apple.product-type.bundle.ui-testing";
		};
/* End PBXNativeTarget section */

/* Begin PBXProject section */
		BA7A543124CB4F470099792B /* Project object */ = {
			isa = PBXProject;
			attributes = {
				LastSwiftUpdateCheck = 1160;
				LastUpgradeCheck = 1160;
				ORGANIZATIONNAME = "Lidiane Chen";
				TargetAttributes = {
					BA7A543824CB4F470099792B = {
						CreatedOnToolsVersion = 11.6;
					};
					BA7A544E24CB4F4B0099792B = {
						CreatedOnToolsVersion = 11.6;
						TestTargetID = BA7A543824CB4F470099792B;
					};
					BA7A545924CB4F4B0099792B = {
						CreatedOnToolsVersion = 11.6;
						TestTargetID = BA7A543824CB4F470099792B;
					};
				};
			};
			buildConfigurationList = BA7A543424CB4F470099792B /* Build configuration list for PBXProject "Desmorgue" */;
			compatibilityVersion = "Xcode 9.3";
			developmentRegion = en;
			hasScannedForEncodings = 0;
			knownRegions = (
				en,
				Base,
			);
			mainGroup = BA7A543024CB4F470099792B;
			productRefGroup = BA7A543A24CB4F470099792B /* Products */;
			projectDirPath = "";
			projectRoot = "";
			targets = (
				BA7A543824CB4F470099792B /* Desmorgue */,
				BA7A544E24CB4F4B0099792B /* DesmorgueTests */,
				BA7A545924CB4F4B0099792B /* DesmorgueUITests */,
			);
		};
/* End PBXProject section */

/* Begin PBXResourcesBuildPhase section */
		BA7A543724CB4F470099792B /* Resources */ = {
			isa = PBXResourcesBuildPhase;
			buildActionMask = 2147483647;
			files = (
				BA7A544924CB4F4B0099792B /* LaunchScreen.storyboard in Resources */,
				BA7A544624CB4F4B0099792B /* Preview Assets.xcassets in Resources */,
				BA7A544324CB4F4B0099792B /* Assets.xcassets in Resources */,
			);
			runOnlyForDeploymentPostprocessing = 0;
		};
		BA7A544D24CB4F4B0099792B /* Resources */ = {
			isa = PBXResourcesBuildPhase;
			buildActionMask = 2147483647;
			files = (
			);
			runOnlyForDeploymentPostprocessing = 0;
		};
		BA7A545824CB4F4B0099792B /* Resources */ = {
			isa = PBXResourcesBuildPhase;
			buildActionMask = 2147483647;
			files = (
			);
			runOnlyForDeploymentPostprocessing = 0;
		};
/* End PBXResourcesBuildPhase section */

/* Begin PBXSourcesBuildPhase section */
		BA7A543524CB4F470099792B /* Sources */ = {
			isa = PBXSourcesBuildPhase;
			buildActionMask = 2147483647;
			files = (
				8D57E93024D4B07E00382732 /* Activity.swift in Sources */,
				BA7A543D24CB4F470099792B /* AppDelegate.swift in Sources */,
				8D00D0F124DCAD780078B6D8 /* ContentView.swift in Sources */,
				8DEACCF624D89EBD002BC35F /* Board.swift in Sources */,
				8DB010E924ED9C5900867FFE /* BoardAddButton.swift in Sources */,
				8D57E93624D4B0D800382732 /* Notice.swift in Sources */,
				8BF22EDC24DB0DD500A50A2E /* TimelineScrollView.swift in Sources */,
				8D2C2E1124EB0ADF0096016D /* ViewTop.swift in Sources */,
				8DEACCF224D89B61002BC35F /* GroupModel.swift in Sources */,
				8D4F57CF24CF642000528185 /* Extensions.swift in Sources */,
				8D57E93424D4B0AF00382732 /* Task.swift in Sources */,
				8D57E93C24D4B5E900382732 /* Event.swift in Sources */,
				BA7A543F24CB4F470099792B /* SceneDelegate.swift in Sources */,
				8D57E93824D4B0F200382732 /* File.swift in Sources */,
				8DD3087624D9F45700E8F073 /* CodableExtensions.swift in Sources */,
				8B6CA6DE24F04B04002F1523 /* MultilineTextField.swift in Sources */,
				8B3EEB4424D9D52A00E4915F /* DAO.swift in Sources */,
				8D716B6724D8A87E00028DE5 /* ChatView.swift in Sources */,
				8D12919424EF01B300053617 /* BoardAddPage.swift in Sources */,
				8D57E92E24D4B04A00382732 /* Profile.swift in Sources */,
				8D716B6124D8A82000028DE5 /* BoardView.swift in Sources */,
				8D57E92C24D4AC9800382732 /* Protocols.swift in Sources */,
				8DD3087424D9F3FA00E8F073 /* ProfileView.swift in Sources */,
				8D2C2E0F24EAFA300096016D /* CardView.swift in Sources */,
				8DB010EB24EDA9CD00867FFE /* TimelineAddButton.swift in Sources */,
				8DD3087924D9F5EA00E8F073 /* HomeView.swift in Sources */,
			);
			runOnlyForDeploymentPostprocessing = 0;
		};
		BA7A544B24CB4F4B0099792B /* Sources */ = {
			isa = PBXSourcesBuildPhase;
			buildActionMask = 2147483647;
			files = (
				BA7A545424CB4F4B0099792B /* DesmorgueTests.swift in Sources */,
			);
			runOnlyForDeploymentPostprocessing = 0;
		};
		BA7A545624CB4F4B0099792B /* Sources */ = {
			isa = PBXSourcesBuildPhase;
			buildActionMask = 2147483647;
			files = (
				BA7A545F24CB4F4B0099792B /* DesmorgueUITests.swift in Sources */,
			);
			runOnlyForDeploymentPostprocessing = 0;
		};
/* End PBXSourcesBuildPhase section */

/* Begin PBXTargetDependency section */
		BA7A545124CB4F4B0099792B /* PBXTargetDependency */ = {
			isa = PBXTargetDependency;
			target = BA7A543824CB4F470099792B /* Desmorgue */;
			targetProxy = BA7A545024CB4F4B0099792B /* PBXContainerItemProxy */;
		};
		BA7A545C24CB4F4B0099792B /* PBXTargetDependency */ = {
			isa = PBXTargetDependency;
			target = BA7A543824CB4F470099792B /* Desmorgue */;
			targetProxy = BA7A545B24CB4F4B0099792B /* PBXContainerItemProxy */;
		};
/* End PBXTargetDependency section */

/* Begin PBXVariantGroup section */
		BA7A544724CB4F4B0099792B /* LaunchScreen.storyboard */ = {
			isa = PBXVariantGroup;
			children = (
				BA7A544824CB4F4B0099792B /* Base */,
			);
			name = LaunchScreen.storyboard;
			sourceTree = "<group>";
		};
/* End PBXVariantGroup section */

/* Begin XCBuildConfiguration section */
		BA7A546124CB4F4B0099792B /* Debug */ = {
			isa = XCBuildConfiguration;
			buildSettings = {
				ALWAYS_SEARCH_USER_PATHS = NO;
				CLANG_ANALYZER_NONNULL = YES;
				CLANG_ANALYZER_NUMBER_OBJECT_CONVERSION = YES_AGGRESSIVE;
				CLANG_CXX_LANGUAGE_STANDARD = "gnu++14";
				CLANG_CXX_LIBRARY = "libc++";
				CLANG_ENABLE_MODULES = YES;
				CLANG_ENABLE_OBJC_ARC = YES;
				CLANG_ENABLE_OBJC_WEAK = YES;
				CLANG_WARN_BLOCK_CAPTURE_AUTORELEASING = YES;
				CLANG_WARN_BOOL_CONVERSION = YES;
				CLANG_WARN_COMMA = YES;
				CLANG_WARN_CONSTANT_CONVERSION = YES;
				CLANG_WARN_DEPRECATED_OBJC_IMPLEMENTATIONS = YES;
				CLANG_WARN_DIRECT_OBJC_ISA_USAGE = YES_ERROR;
				CLANG_WARN_DOCUMENTATION_COMMENTS = YES;
				CLANG_WARN_EMPTY_BODY = YES;
				CLANG_WARN_ENUM_CONVERSION = YES;
				CLANG_WARN_INFINITE_RECURSION = YES;
				CLANG_WARN_INT_CONVERSION = YES;
				CLANG_WARN_NON_LITERAL_NULL_CONVERSION = YES;
				CLANG_WARN_OBJC_IMPLICIT_RETAIN_SELF = YES;
				CLANG_WARN_OBJC_LITERAL_CONVERSION = YES;
				CLANG_WARN_OBJC_ROOT_CLASS = YES_ERROR;
				CLANG_WARN_RANGE_LOOP_ANALYSIS = YES;
				CLANG_WARN_STRICT_PROTOTYPES = YES;
				CLANG_WARN_SUSPICIOUS_MOVE = YES;
				CLANG_WARN_UNGUARDED_AVAILABILITY = YES_AGGRESSIVE;
				CLANG_WARN_UNREACHABLE_CODE = YES;
				CLANG_WARN__DUPLICATE_METHOD_MATCH = YES;
				COPY_PHASE_STRIP = NO;
				DEBUG_INFORMATION_FORMAT = dwarf;
				ENABLE_STRICT_OBJC_MSGSEND = YES;
				ENABLE_TESTABILITY = YES;
				GCC_C_LANGUAGE_STANDARD = gnu11;
				GCC_DYNAMIC_NO_PIC = NO;
				GCC_NO_COMMON_BLOCKS = YES;
				GCC_OPTIMIZATION_LEVEL = 0;
				GCC_PREPROCESSOR_DEFINITIONS = (
					"DEBUG=1",
					"$(inherited)",
				);
				GCC_WARN_64_TO_32_BIT_CONVERSION = YES;
				GCC_WARN_ABOUT_RETURN_TYPE = YES_ERROR;
				GCC_WARN_UNDECLARED_SELECTOR = YES;
				GCC_WARN_UNINITIALIZED_AUTOS = YES_AGGRESSIVE;
				GCC_WARN_UNUSED_FUNCTION = YES;
				GCC_WARN_UNUSED_VARIABLE = YES;
				IPHONEOS_DEPLOYMENT_TARGET = 13.6;
				MTL_ENABLE_DEBUG_INFO = INCLUDE_SOURCE;
				MTL_FAST_MATH = YES;
				ONLY_ACTIVE_ARCH = YES;
				SDKROOT = iphoneos;
				SWIFT_ACTIVE_COMPILATION_CONDITIONS = DEBUG;
				SWIFT_OPTIMIZATION_LEVEL = "-Onone";
			};
			name = Debug;
		};
		BA7A546224CB4F4B0099792B /* Release */ = {
			isa = XCBuildConfiguration;
			buildSettings = {
				ALWAYS_SEARCH_USER_PATHS = NO;
				CLANG_ANALYZER_NONNULL = YES;
				CLANG_ANALYZER_NUMBER_OBJECT_CONVERSION = YES_AGGRESSIVE;
				CLANG_CXX_LANGUAGE_STANDARD = "gnu++14";
				CLANG_CXX_LIBRARY = "libc++";
				CLANG_ENABLE_MODULES = YES;
				CLANG_ENABLE_OBJC_ARC = YES;
				CLANG_ENABLE_OBJC_WEAK = YES;
				CLANG_WARN_BLOCK_CAPTURE_AUTORELEASING = YES;
				CLANG_WARN_BOOL_CONVERSION = YES;
				CLANG_WARN_COMMA = YES;
				CLANG_WARN_CONSTANT_CONVERSION = YES;
				CLANG_WARN_DEPRECATED_OBJC_IMPLEMENTATIONS = YES;
				CLANG_WARN_DIRECT_OBJC_ISA_USAGE = YES_ERROR;
				CLANG_WARN_DOCUMENTATION_COMMENTS = YES;
				CLANG_WARN_EMPTY_BODY = YES;
				CLANG_WARN_ENUM_CONVERSION = YES;
				CLANG_WARN_INFINITE_RECURSION = YES;
				CLANG_WARN_INT_CONVERSION = YES;
				CLANG_WARN_NON_LITERAL_NULL_CONVERSION = YES;
				CLANG_WARN_OBJC_IMPLICIT_RETAIN_SELF = YES;
				CLANG_WARN_OBJC_LITERAL_CONVERSION = YES;
				CLANG_WARN_OBJC_ROOT_CLASS = YES_ERROR;
				CLANG_WARN_RANGE_LOOP_ANALYSIS = YES;
				CLANG_WARN_STRICT_PROTOTYPES = YES;
				CLANG_WARN_SUSPICIOUS_MOVE = YES;
				CLANG_WARN_UNGUARDED_AVAILABILITY = YES_AGGRESSIVE;
				CLANG_WARN_UNREACHABLE_CODE = YES;
				CLANG_WARN__DUPLICATE_METHOD_MATCH = YES;
				COPY_PHASE_STRIP = NO;
				DEBUG_INFORMATION_FORMAT = "dwarf-with-dsym";
				ENABLE_NS_ASSERTIONS = NO;
				ENABLE_STRICT_OBJC_MSGSEND = YES;
				GCC_C_LANGUAGE_STANDARD = gnu11;
				GCC_NO_COMMON_BLOCKS = YES;
				GCC_WARN_64_TO_32_BIT_CONVERSION = YES;
				GCC_WARN_ABOUT_RETURN_TYPE = YES_ERROR;
				GCC_WARN_UNDECLARED_SELECTOR = YES;
				GCC_WARN_UNINITIALIZED_AUTOS = YES_AGGRESSIVE;
				GCC_WARN_UNUSED_FUNCTION = YES;
				GCC_WARN_UNUSED_VARIABLE = YES;
				IPHONEOS_DEPLOYMENT_TARGET = 13.6;
				MTL_ENABLE_DEBUG_INFO = NO;
				MTL_FAST_MATH = YES;
				SDKROOT = iphoneos;
				SWIFT_COMPILATION_MODE = wholemodule;
				SWIFT_OPTIMIZATION_LEVEL = "-O";
				VALIDATE_PRODUCT = YES;
			};
			name = Release;
		};
		BA7A546424CB4F4B0099792B /* Debug */ = {
			isa = XCBuildConfiguration;
			buildSettings = {
				ASSETCATALOG_COMPILER_APPICON_NAME = AppIcon;
				CODE_SIGN_IDENTITY = "Apple Development";
				CODE_SIGN_STYLE = Automatic;
				DEVELOPMENT_ASSET_PATHS = "\"Desmorgue/Preview Content\"";
				DEVELOPMENT_TEAM = 5J4WXMTZ2V;
				ENABLE_PREVIEWS = YES;
				INFOPLIST_FILE = Desmorgue/Info.plist;
				LD_RUNPATH_SEARCH_PATHS = (
					"$(inherited)",
					"@executable_path/Frameworks",
				);
				PRODUCT_BUNDLE_IDENTIFIER = Academy;
				PRODUCT_NAME = "$(TARGET_NAME)";
				PROVISIONING_PROFILE_SPECIFIER = "";
				SWIFT_VERSION = 5.0;
				TARGETED_DEVICE_FAMILY = "1,2";
			};
			name = Debug;
		};
		BA7A546524CB4F4B0099792B /* Release */ = {
			isa = XCBuildConfiguration;
			buildSettings = {
				ASSETCATALOG_COMPILER_APPICON_NAME = AppIcon;
				CODE_SIGN_IDENTITY = "Apple Development";
				CODE_SIGN_STYLE = Automatic;
				DEVELOPMENT_ASSET_PATHS = "\"Desmorgue/Preview Content\"";
				DEVELOPMENT_TEAM = 5J4WXMTZ2V;
				ENABLE_PREVIEWS = YES;
				INFOPLIST_FILE = Desmorgue/Info.plist;
				LD_RUNPATH_SEARCH_PATHS = (
					"$(inherited)",
					"@executable_path/Frameworks",
				);
				PRODUCT_BUNDLE_IDENTIFIER = Academy;
				PRODUCT_NAME = "$(TARGET_NAME)";
				PROVISIONING_PROFILE_SPECIFIER = "";
				SWIFT_VERSION = 5.0;
				TARGETED_DEVICE_FAMILY = "1,2";
			};
			name = Release;
		};
		BA7A546724CB4F4B0099792B /* Debug */ = {
			isa = XCBuildConfiguration;
			buildSettings = {
				ALWAYS_EMBED_SWIFT_STANDARD_LIBRARIES = YES;
				BUNDLE_LOADER = "$(TEST_HOST)";
				CODE_SIGN_STYLE = Automatic;
				DEVELOPMENT_TEAM = 66Q5YNK6LB;
				INFOPLIST_FILE = DesmorgueTests/Info.plist;
				IPHONEOS_DEPLOYMENT_TARGET = 13.6;
				LD_RUNPATH_SEARCH_PATHS = (
					"$(inherited)",
					"@executable_path/Frameworks",
					"@loader_path/Frameworks",
				);
				PRODUCT_BUNDLE_IDENTIFIER = Meucodigo.DesmorgueTests;
				PRODUCT_NAME = "$(TARGET_NAME)";
				SWIFT_VERSION = 5.0;
				TARGETED_DEVICE_FAMILY = "1,2";
				TEST_HOST = "$(BUILT_PRODUCTS_DIR)/Desmorgue.app/Desmorgue";
			};
			name = Debug;
		};
		BA7A546824CB4F4B0099792B /* Release */ = {
			isa = XCBuildConfiguration;
			buildSettings = {
				ALWAYS_EMBED_SWIFT_STANDARD_LIBRARIES = YES;
				BUNDLE_LOADER = "$(TEST_HOST)";
				CODE_SIGN_STYLE = Automatic;
				DEVELOPMENT_TEAM = 66Q5YNK6LB;
				INFOPLIST_FILE = DesmorgueTests/Info.plist;
				IPHONEOS_DEPLOYMENT_TARGET = 13.6;
				LD_RUNPATH_SEARCH_PATHS = (
					"$(inherited)",
					"@executable_path/Frameworks",
					"@loader_path/Frameworks",
				);
				PRODUCT_BUNDLE_IDENTIFIER = Meucodigo.DesmorgueTests;
				PRODUCT_NAME = "$(TARGET_NAME)";
				SWIFT_VERSION = 5.0;
				TARGETED_DEVICE_FAMILY = "1,2";
				TEST_HOST = "$(BUILT_PRODUCTS_DIR)/Desmorgue.app/Desmorgue";
			};
			name = Release;
		};
		BA7A546A24CB4F4B0099792B /* Debug */ = {
			isa = XCBuildConfiguration;
			buildSettings = {
				ALWAYS_EMBED_SWIFT_STANDARD_LIBRARIES = YES;
				CODE_SIGN_STYLE = Automatic;
				DEVELOPMENT_TEAM = 66Q5YNK6LB;
				INFOPLIST_FILE = DesmorgueUITests/Info.plist;
				LD_RUNPATH_SEARCH_PATHS = (
					"$(inherited)",
					"@executable_path/Frameworks",
					"@loader_path/Frameworks",
				);
				PRODUCT_BUNDLE_IDENTIFIER = Meucodigo.DesmorgueUITests;
				PRODUCT_NAME = "$(TARGET_NAME)";
				SWIFT_VERSION = 5.0;
				TARGETED_DEVICE_FAMILY = "1,2";
				TEST_TARGET_NAME = Desmorgue;
			};
			name = Debug;
		};
		BA7A546B24CB4F4B0099792B /* Release */ = {
			isa = XCBuildConfiguration;
			buildSettings = {
				ALWAYS_EMBED_SWIFT_STANDARD_LIBRARIES = YES;
				CODE_SIGN_STYLE = Automatic;
				DEVELOPMENT_TEAM = 66Q5YNK6LB;
				INFOPLIST_FILE = DesmorgueUITests/Info.plist;
				LD_RUNPATH_SEARCH_PATHS = (
					"$(inherited)",
					"@executable_path/Frameworks",
					"@loader_path/Frameworks",
				);
				PRODUCT_BUNDLE_IDENTIFIER = Meucodigo.DesmorgueUITests;
				PRODUCT_NAME = "$(TARGET_NAME)";
				SWIFT_VERSION = 5.0;
				TARGETED_DEVICE_FAMILY = "1,2";
				TEST_TARGET_NAME = Desmorgue;
			};
			name = Release;
		};
/* End XCBuildConfiguration section */

/* Begin XCConfigurationList section */
		BA7A543424CB4F470099792B /* Build configuration list for PBXProject "Desmorgue" */ = {
			isa = XCConfigurationList;
			buildConfigurations = (
				BA7A546124CB4F4B0099792B /* Debug */,
				BA7A546224CB4F4B0099792B /* Release */,
			);
			defaultConfigurationIsVisible = 0;
			defaultConfigurationName = Release;
		};
		BA7A546324CB4F4B0099792B /* Build configuration list for PBXNativeTarget "Desmorgue" */ = {
			isa = XCConfigurationList;
			buildConfigurations = (
				BA7A546424CB4F4B0099792B /* Debug */,
				BA7A546524CB4F4B0099792B /* Release */,
			);
			defaultConfigurationIsVisible = 0;
			defaultConfigurationName = Release;
		};
		BA7A546624CB4F4B0099792B /* Build configuration list for PBXNativeTarget "DesmorgueTests" */ = {
			isa = XCConfigurationList;
			buildConfigurations = (
				BA7A546724CB4F4B0099792B /* Debug */,
				BA7A546824CB4F4B0099792B /* Release */,
			);
			defaultConfigurationIsVisible = 0;
			defaultConfigurationName = Release;
		};
		BA7A546924CB4F4B0099792B /* Build configuration list for PBXNativeTarget "DesmorgueUITests" */ = {
			isa = XCConfigurationList;
			buildConfigurations = (
				BA7A546A24CB4F4B0099792B /* Debug */,
				BA7A546B24CB4F4B0099792B /* Release */,
			);
			defaultConfigurationIsVisible = 0;
			defaultConfigurationName = Release;
		};
/* End XCConfigurationList section */
	};
	rootObject = BA7A543124CB4F470099792B /* Project object */;
}
